
Microsoft Visual Studio Solution File, Format Version 12.00
# Visual Studio Version 17
VisualStudioVersion = 17.8.34316.72
MinimumVisualStudioVersion = 10.0.40219.1
Project("{FAE04EC0-301F-11D3-BF4B-00C04F79EFBC}") = "RemotePlugins", "client\RemotePlugins.csproj", "{5DC6AFF2-F609-45EC-8D9E-C297E1DF3AF5}"
EndProject
Project("{9A19103F-16F7-4668-BE54-9A1E7A4F7556}") = "GenerateKnownHashes", "GenerateKnownHashes\GenerateKnownHashes.csproj", "{F1F3331A-57A7-4451-AE22-4F3FBC157E40}"
EndProject
Global
	GlobalSection(SolutionConfigurationPlatforms) = preSolution
		Debug|Any CPU = Debug|Any CPU
		Release|Any CPU = Release|Any CPU
	EndGlobalSection
	GlobalSection(ProjectConfigurationPlatforms) = postSolution
		{5DC6AFF2-F609-45EC-8D9E-C297E1DF3AF5}.Debug|Any CPU.ActiveCfg = Debug|Any CPU
		{5DC6AFF2-F609-45EC-8D9E-C297E1DF3AF5}.Debug|Any CPU.Build.0 = Debug|Any CPU
		{5DC6AFF2-F609-45EC-8D9E-C297E1DF3AF5}.Release|Any CPU.ActiveCfg = Release|Any CPU
		{5DC6AFF2-F609-45EC-8D9E-C297E1DF3AF5}.Release|Any CPU.Build.0 = Release|Any CPU
		{F1F3331A-57A7-4451-AE22-4F3FBC157E40}.Debug|Any CPU.ActiveCfg = Debug|Any CPU
		{F1F3331A-57A7-4451-AE22-4F3FBC157E40}.Debug|Any CPU.Build.0 = Debug|Any CPU
		{F1F3331A-57A7-4451-AE22-4F3FBC157E40}.Release|Any CPU.ActiveCfg = Release|Any CPU
		{F1F3331A-57A7-4451-AE22-4F3FBC157E40}.Release|Any CPU.Build.0 = Release|Any CPU
	EndGlobalSection
	GlobalSection(SolutionProperties) = preSolution
		HideSolutionNode = FALSE
	EndGlobalSection
	GlobalSection(ExtensibilityGlobals) = postSolution
		SolutionGuid = {A5FD946C-CA4B-49E3-BF5D-56AAC7B2BE47}
	EndGlobalSection
EndGlobal
